
Microsoft Visual Studio Solution File, Format Version 12.00
# Visual Studio Version 17
VisualStudioVersion = 17.7.34031.279
MinimumVisualStudioVersion = 10.0.40219.1
Project("{FAE04EC0-301F-11D3-BF4B-00C04F79EFBC}") = "Dviykove", "Dviykove\Dviykove.csproj", "{DACFC5E2-9688-46D7-B2D8-08C25B98E98F}"
EndProject
Project("{FAE04EC0-301F-11D3-BF4B-00C04F79EFBC}") = "Visimkove", "Visimkove\Visimkove.csproj", "{1044C90A-D58C-4A9C-AFE9-3EFF131D971D}"
EndProject
Project("{FAE04EC0-301F-11D3-BF4B-00C04F79EFBC}") = "Shystnadsytkovi", "Shystnadsytkovi\Shystnadsytkovi.csproj", "{D59F760A-AC5E-47A4-8319-633AD768F7A7}"
EndProject
Global
	GlobalSection(SolutionConfigurationPlatforms) = preSolution
		Debug|Any CPU = Debug|Any CPU
		Release|Any CPU = Release|Any CPU
	EndGlobalSection
	GlobalSection(ProjectConfigurationPlatforms) = postSolution
		{DACFC5E2-9688-46D7-B2D8-08C25B98E98F}.Debug|Any CPU.ActiveCfg = Debug|Any CPU
		{DACFC5E2-9688-46D7-B2D8-08C25B98E98F}.Debug|Any CPU.Build.0 = Debug|Any CPU
		{DACFC5E2-9688-46D7-B2D8-08C25B98E98F}.Release|Any CPU.ActiveCfg = Release|Any CPU
		{DACFC5E2-9688-46D7-B2D8-08C25B98E98F}.Release|Any CPU.Build.0 = Release|Any CPU
		{1044C90A-D58C-4A9C-AFE9-3EFF131D971D}.Debug|Any CPU.ActiveCfg = Debug|Any CPU
		{1044C90A-D58C-4A9C-AFE9-3EFF131D971D}.Debug|Any CPU.Build.0 = Debug|Any CPU
		{1044C90A-D58C-4A9C-AFE9-3EFF131D971D}.Release|Any CPU.ActiveCfg = Release|Any CPU
		{1044C90A-D58C-4A9C-AFE9-3EFF131D971D}.Release|Any CPU.Build.0 = Release|Any CPU
		{D59F760A-AC5E-47A4-8319-633AD768F7A7}.Debug|Any CPU.ActiveCfg = Debug|Any CPU
		{D59F760A-AC5E-47A4-8319-633AD768F7A7}.Debug|Any CPU.Build.0 = Debug|Any CPU
		{D59F760A-AC5E-47A4-8319-633AD768F7A7}.Release|Any CPU.ActiveCfg = Release|Any CPU
		{D59F760A-AC5E-47A4-8319-633AD768F7A7}.Release|Any CPU.Build.0 = Release|Any CPU
	EndGlobalSection
	GlobalSection(SolutionProperties) = preSolution
		HideSolutionNode = FALSE
	EndGlobalSection
	GlobalSection(ExtensibilityGlobals) = postSolution
		SolutionGuid = {940F124C-5F64-492C-8DC9-E9178FAF611A}
	EndGlobalSection
EndGlobal
